// !$*UTF8*$!
{
	archiveVersion = 1;
	classes = {
	};
	objectVersion = 55;
	objects = {

/* Begin PBXBuildFile section */
		02BDA1D6287E14A500108694 /* AppDelegate.swift in Sources */ = {isa = PBXBuildFile; fileRef = 02BDA1D5287E14A500108694 /* AppDelegate.swift */; };
		02BDA1D8287E14A500108694 /* SceneDelegate.swift in Sources */ = {isa = PBXBuildFile; fileRef = 02BDA1D7287E14A500108694 /* SceneDelegate.swift */; };
		02BDA1DA287E14A500108694 /* ViewController.swift in Sources */ = {isa = PBXBuildFile; fileRef = 02BDA1D9287E14A500108694 /* ViewController.swift */; };
		02BDA1DD287E14A500108694 /* Main.storyboard in Resources */ = {isa = PBXBuildFile; fileRef = 02BDA1DB287E14A500108694 /* Main.storyboard */; };
		02BDA1DF287E14A800108694 /* Assets.xcassets in Resources */ = {isa = PBXBuildFile; fileRef = 02BDA1DE287E14A800108694 /* Assets.xcassets */; };
		02BDA1E2287E14A800108694 /* LaunchScreen.storyboard in Resources */ = {isa = PBXBuildFile; fileRef = 02BDA1E0287E14A800108694 /* LaunchScreen.storyboard */; };
		02BDA1EA287E14BD00108694 /* LogoViewController.swift in Sources */ = {isa = PBXBuildFile; fileRef = 02BDA1E9287E14BD00108694 /* LogoViewController.swift */; };
/* End PBXBuildFile section */

/* Begin PBXFileReference section */
		02BDA1D2287E14A500108694 /* EYChallenge5&6ProgrammaticUIKit.app */ = {isa = PBXFileReference; explicitFileType = wrapper.application; includeInIndex = 0; path = "EYChallenge5&6ProgrammaticUIKit.app"; sourceTree = BUILT_PRODUCTS_DIR; };
		02BDA1D5287E14A500108694 /* AppDelegate.swift */ = {isa = PBXFileReference; lastKnownFileType = sourcecode.swift; path = AppDelegate.swift; sourceTree = "<group>"; };
		02BDA1D7287E14A500108694 /* SceneDelegate.swift */ = {isa = PBXFileReference; lastKnownFileType = sourcecode.swift; path = SceneDelegate.swift; sourceTree = "<group>"; };
		02BDA1D9287E14A500108694 /* ViewController.swift */ = {isa = PBXFileReference; lastKnownFileType = sourcecode.swift; path = ViewController.swift; sourceTree = "<group>"; };
		02BDA1DC287E14A500108694 /* Base */ = {isa = PBXFileReference; lastKnownFileType = file.storyboard; name = Base; path = Base.lproj/Main.storyboard; sourceTree = "<group>"; };
		02BDA1DE287E14A800108694 /* Assets.xcassets */ = {isa = PBXFileReference; lastKnownFileType = folder.assetcatalog; path = Assets.xcassets; sourceTree = "<group>"; };
		02BDA1E1287E14A800108694 /* Base */ = {isa = PBXFileReference; lastKnownFileType = file.storyboard; name = Base; path = Base.lproj/LaunchScreen.storyboard; sourceTree = "<group>"; };
		02BDA1E3287E14A800108694 /* Info.plist */ = {isa = PBXFileReference; lastKnownFileType = text.plist.xml; path = Info.plist; sourceTree = "<group>"; };
		02BDA1E9287E14BD00108694 /* LogoViewController.swift */ = {isa = PBXFileReference; lastKnownFileType = sourcecode.swift; path = LogoViewController.swift; sourceTree = "<group>"; };
/* End PBXFileReference section */

/* Begin PBXFrameworksBuildPhase section */
		02BDA1CF287E14A500108694 /* Frameworks */ = {
			isa = PBXFrameworksBuildPhase;
			buildActionMask = 2147483647;
			files = (
			);
			runOnlyForDeploymentPostprocessing = 0;
		};
/* End PBXFrameworksBuildPhase section */

/* Begin PBXGroup section */
		02BDA1C9287E14A500108694 = {
			isa = PBXGroup;
			children = (
				02BDA1D4287E14A500108694 /* EYChallenge5&6ProgrammaticUIKit */,
				02BDA1D3287E14A500108694 /* Products */,
			);
			sourceTree = "<group>";
		};
		02BDA1D3287E14A500108694 /* Products */ = {
			isa = PBXGroup;
			children = (
				02BDA1D2287E14A500108694 /* EYChallenge5&6ProgrammaticUIKit.app */,
			);
			name = Products;
			sourceTree = "<group>";
		};
		02BDA1D4287E14A500108694 /* EYChallenge5&6ProgrammaticUIKit */ = {
			isa = PBXGroup;
			children = (
				02BDA1D5287E14A500108694 /* AppDelegate.swift */,
				02BDA1D7287E14A500108694 /* SceneDelegate.swift */,
				02BDA1D9287E14A500108694 /* ViewController.swift */,
				02BDA1E9287E14BD00108694 /* LogoViewController.swift */,
				02BDA1DB287E14A500108694 /* Main.storyboard */,
				02BDA1DE287E14A800108694 /* Assets.xcassets */,
				02BDA1E0287E14A800108694 /* LaunchScreen.storyboard */,
				02BDA1E3287E14A800108694 /* Info.plist */,
			);
			path = "EYChallenge5&6ProgrammaticUIKit";
			sourceTree = "<group>";
		};
/* End PBXGroup section */

/* Begin PBXNativeTarget section */
		02BDA1D1287E14A500108694 /* EYChallenge5&6ProgrammaticUIKit */ = {
			isa = PBXNativeTarget;
			buildConfigurationList = 02BDA1E6287E14A800108694 /* Build configuration list for PBXNativeTarget "EYChallenge5&6ProgrammaticUIKit" */;
			buildPhases = (
				02BDA1CE287E14A500108694 /* Sources */,
				02BDA1CF287E14A500108694 /* Frameworks */,
				02BDA1D0287E14A500108694 /* Resources */,
			);
			buildRules = (
			);
			dependencies = (
			);
			name = "EYChallenge5&6ProgrammaticUIKit";
			productName = "EYChallenge5&6ProgrammaticUIKit";
			productReference = 02BDA1D2287E14A500108694 /* EYChallenge5&6ProgrammaticUIKit.app */;
			productType = "com.apple.product-type.application";
		};
/* End PBXNativeTarget section */

/* Begin PBXProject section */
		02BDA1CA287E14A500108694 /* Project object */ = {
			isa = PBXProject;
			attributes = {
				BuildIndependentTargetsInParallel = 1;
				LastSwiftUpdateCheck = 1340;
				LastUpgradeCheck = 1340;
				TargetAttributes = {
					02BDA1D1287E14A500108694 = {
						CreatedOnToolsVersion = 13.4.1;
					};
				};
			};
			buildConfigurationList = 02BDA1CD287E14A500108694 /* Build configuration list for PBXProject "EYChallenge5&6ProgrammaticUIKit" */;
			compatibilityVersion = "Xcode 13.0";
			developmentRegion = en;
			hasScannedForEncodings = 0;
			knownRegions = (
				en,
				Base,
			);
			mainGroup = 02BDA1C9287E14A500108694;
			productRefGroup = 02BDA1D3287E14A500108694 /* Products */;
			projectDirPath = "";
			projectRoot = "";
			targets = (
				02BDA1D1287E14A500108694 /* EYChallenge5&6ProgrammaticUIKit */,
			);
		};
/* End PBXProject section */

/* Begin PBXResourcesBuildPhase section */
		02BDA1D0287E14A500108694 /* Resources */ = {
			isa = PBXResourcesBuildPhase;
			buildActionMask = 2147483647;
			files = (
				02BDA1E2287E14A800108694 /* LaunchScreen.storyboard in Resources */,
				02BDA1DF287E14A800108694 /* Assets.xcassets in Resources */,
				02BDA1DD287E14A500108694 /* Main.storyboard in Resources */,
			);
			runOnlyForDeploymentPostprocessing = 0;
		};
/* End PBXResourcesBuildPhase section */

/* Begin PBXSourcesBuildPhase section */
		02BDA1CE287E14A500108694 /* Sources */ = {
			isa = PBXSourcesBuildPhase;
			buildActionMask = 2147483647;
			files = (
				02BDA1DA287E14A500108694 /* ViewController.swift in Sources */,
				02BDA1D6287E14A500108694 /* AppDelegate.swift in Sources */,
				02BDA1D8287E14A500108694 /* SceneDelegate.swift in Sources */,
				02BDA1EA287E14BD00108694 /* LogoViewController.swift in Sources */,
			);
			runOnlyForDeploymentPostprocessing = 0;
		};
/* End PBXSourcesBuildPhase section */

/* Begin PBXVariantGroup section */
		02BDA1DB287E14A500108694 /* Main.storyboard */ = {
			isa = PBXVariantGroup;
			children = (
				02BDA1DC287E14A500108694 /* Base */,
			);
			name = Main.storyboard;
			sourceTree = "<group>";
		};
		02BDA1E0287E14A800108694 /* LaunchScreen.storyboard */ = {
			isa = PBXVariantGroup;
			children = (
				02BDA1E1287E14A800108694 /* Base */,
			);
			name = LaunchScreen.storyboard;
			sourceTree = "<group>";
		};
/* End PBXVariantGroup section */

/* Begin XCBuildConfiguration section */
		02BDA1E4287E14A800108694 /* Debug */ = {
			isa = XCBuildConfiguration;
			buildSettings = {
				ALWAYS_SEARCH_USER_PATHS = NO;
				CLANG_ANALYZER_NONNULL = YES;
				CLANG_ANALYZER_NUMBER_OBJECT_CONVERSION = YES_AGGRESSIVE;
				CLANG_CXX_LANGUAGE_STANDARD = "gnu++17";
				CLANG_ENABLE_MODULES = YES;
				CLANG_ENABLE_OBJC_ARC = YES;
				CLANG_ENABLE_OBJC_WEAK = YES;
				CLANG_WARN_BLOCK_CAPTURE_AUTORELEASING = YES;
				CLANG_WARN_BOOL_CONVERSION = YES;
				CLANG_WARN_COMMA = YES;
				CLANG_WARN_CONSTANT_CONVERSION = YES;
				CLANG_WARN_DEPRECATED_OBJC_IMPLEMENTATIONS = YES;
				CLANG_WARN_DIRECT_OBJC_ISA_USAGE = YES_ERROR;
				CLANG_WARN_DOCUMENTATION_COMMENTS = YES;
				CLANG_WARN_EMPTY_BODY = YES;
				CLANG_WARN_ENUM_CONVERSION = YES;
				CLANG_WARN_INFINITE_RECURSION = YES;
				CLANG_WARN_INT_CONVERSION = YES;
				CLANG_WARN_NON_LITERAL_NULL_CONVERSION = YES;
				CLANG_WARN_OBJC_IMPLICIT_RETAIN_SELF = YES;
				CLANG_WARN_OBJC_LITERAL_CONVERSION = YES;
				CLANG_WARN_OBJC_ROOT_CLASS = YES_ERROR;
				CLANG_WARN_QUOTED_INCLUDE_IN_FRAMEWORK_HEADER = YES;
				CLANG_WARN_RANGE_LOOP_ANALYSIS = YES;
				CLANG_WARN_STRICT_PROTOTYPES = YES;
				CLANG_WARN_SUSPICIOUS_MOVE = YES;
				CLANG_WARN_UNGUARDED_AVAILABILITY = YES_AGGRESSIVE;
				CLANG_WARN_UNREACHABLE_CODE = YES;
				CLANG_WARN__DUPLICATE_METHOD_MATCH = YES;
				COPY_PHASE_STRIP = NO;
				DEBUG_INFORMATION_FORMAT = dwarf;
				ENABLE_STRICT_OBJC_MSGSEND = YES;
				ENABLE_TESTABILITY = YES;
				GCC_C_LANGUAGE_STANDARD = gnu11;
				GCC_DYNAMIC_NO_PIC = NO;
				GCC_NO_COMMON_BLOCKS = YES;
				GCC_OPTIMIZATION_LEVEL = 0;
				GCC_PREPROCESSOR_DEFINITIONS = (
					"DEBUG=1",
					"$(inherited)",
				);
				GCC_WARN_64_TO_32_BIT_CONVERSION = YES;
				GCC_WARN_ABOUT_RETURN_TYPE = YES_ERROR;
				GCC_WARN_UNDECLARED_SELECTOR = YES;
				GCC_WARN_UNINITIALIZED_AUTOS = YES_AGGRESSIVE;
				GCC_WARN_UNUSED_FUNCTION = YES;
				GCC_WARN_UNUSED_VARIABLE = YES;
				IPHONEOS_DEPLOYMENT_TARGET = 15.5;
				MTL_ENABLE_DEBUG_INFO = INCLUDE_SOURCE;
				MTL_FAST_MATH = YES;
				ONLY_ACTIVE_ARCH = YES;
				SDKROOT = iphoneos;
				SWIFT_ACTIVE_COMPILATION_CONDITIONS = DEBUG;
				SWIFT_OPTIMIZATION_LEVEL = "-Onone";
			};
			name = Debug;
		};
		02BDA1E5287E14A800108694 /* Release */ = {
			isa = XCBuildConfiguration;
			buildSettings = {
				ALWAYS_SEARCH_USER_PATHS = NO;
				CLANG_ANALYZER_NONNULL = YES;
				CLANG_ANALYZER_NUMBER_OBJECT_CONVERSION = YES_AGGRESSIVE;
				CLANG_CXX_LANGUAGE_STANDARD = "gnu++17";
				CLANG_ENABLE_MODULES = YES;
				CLANG_ENABLE_OBJC_ARC = YES;
				CLANG_ENABLE_OBJC_WEAK = YES;
				CLANG_WARN_BLOCK_CAPTURE_AUTORELEASING = YES;
				CLANG_WARN_BOOL_CONVERSION = YES;
				CLANG_WARN_COMMA = YES;
				CLANG_WARN_CONSTANT_CONVERSION = YES;
				CLANG_WARN_DEPRECATED_OBJC_IMPLEMENTATIONS = YES;
				CLANG_WARN_DIRECT_OBJC_ISA_USAGE = YES_ERROR;
				CLANG_WARN_DOCUMENTATION_COMMENTS = YES;
				CLANG_WARN_EMPTY_BODY = YES;
				CLANG_WARN_ENUM_CONVERSION = YES;
				CLANG_WARN_INFINITE_RECURSION = YES;
				CLANG_WARN_INT_CONVERSION = YES;
				CLANG_WARN_NON_LITERAL_NULL_CONVERSION = YES;
				CLANG_WARN_OBJC_IMPLICIT_RETAIN_SELF = YES;
				CLANG_WARN_OBJC_LITERAL_CONVERSION = YES;
				CLANG_WARN_OBJC_ROOT_CLASS = YES_ERROR;
				CLANG_WARN_QUOTED_INCLUDE_IN_FRAMEWORK_HEADER = YES;
				CLANG_WARN_RANGE_LOOP_ANALYSIS = YES;
				CLANG_WARN_STRICT_PROTOTYPES = YES;
				CLANG_WARN_SUSPICIOUS_MOVE = YES;
				CLANG_WARN_UNGUARDED_AVAILABILITY = YES_AGGRESSIVE;
				CLANG_WARN_UNREACHABLE_CODE = YES;
				CLANG_WARN__DUPLICATE_METHOD_MATCH = YES;
				COPY_PHASE_STRIP = NO;
				DEBUG_INFORMATION_FORMAT = "dwarf-with-dsym";
				ENABLE_NS_ASSERTIONS = NO;
				ENABLE_STRICT_OBJC_MSGSEND = YES;
				GCC_C_LANGUAGE_STANDARD = gnu11;
				GCC_NO_COMMON_BLOCKS = YES;
				GCC_WARN_64_TO_32_BIT_CONVERSION = YES;
				GCC_WARN_ABOUT_RETURN_TYPE = YES_ERROR;
				GCC_WARN_UNDECLARED_SELECTOR = YES;
				GCC_WARN_UNINITIALIZED_AUTOS = YES_AGGRESSIVE;
				GCC_WARN_UNUSED_FUNCTION = YES;
				GCC_WARN_UNUSED_VARIABLE = YES;
				IPHONEOS_DEPLOYMENT_TARGET = 15.5;
				MTL_ENABLE_DEBUG_INFO = NO;
				MTL_FAST_MATH = YES;
				SDKROOT = iphoneos;
				SWIFT_COMPILATION_MODE = wholemodule;
				SWIFT_OPTIMIZATION_LEVEL = "-O";
				VALIDATE_PRODUCT = YES;
			};
			name = Release;
		};
		02BDA1E7287E14A800108694 /* Debug */ = {
			isa = XCBuildConfiguration;
			buildSettings = {
				ASSETCATALOG_COMPILER_APPICON_NAME = AppIcon;
				ASSETCATALOG_COMPILER_GLOBAL_ACCENT_COLOR_NAME = AccentColor;
				CODE_SIGN_STYLE = Automatic;
				CURRENT_PROJECT_VERSION = 1;
				DEVELOPMENT_TEAM = W7VWJF3MJG;
				GENERATE_INFOPLIST_FILE = YES;
				INFOPLIST_FILE = "EYChallenge5&6ProgrammaticUIKit/Info.plist";
				INFOPLIST_KEY_UIApplicationSupportsIndirectInputEvents = YES;
				INFOPLIST_KEY_UILaunchStoryboardName = LaunchScreen;
				INFOPLIST_KEY_UISupportedInterfaceOrientations_iPad = "UIInterfaceOrientationPortrait UIInterfaceOrientationPortraitUpsideDown UIInterfaceOrientationLandscapeLeft UIInterfaceOrientationLandscapeRight";
				INFOPLIST_KEY_UISupportedInterfaceOrientations_iPhone = "UIInterfaceOrientationPortrait UIInterfaceOrientationLandscapeLeft UIInterfaceOrientationLandscapeRight";
				LD_RUNPATH_SEARCH_PATHS = (
					"$(inherited)",
					"@executable_path/Frameworks",
				);
				MARKETING_VERSION = 1.0;
				PRODUCT_BUNDLE_IDENTIFIER = "Stephens-World.EYChallenge5-6ProgrammaticUIKit";
				PRODUCT_NAME = "$(TARGET_NAME)";
				SWIFT_EMIT_LOC_STRINGS = YES;
				SWIFT_VERSION = 5.0;
				TARGETED_DEVICE_FAMILY = "1,2";
			};
			name = Debug;
		};
		02BDA1E8287E14A800108694 /* Release */ = {
			isa = XCBuildConfiguration;
			buildSettings = {
				ASSETCATALOG_COMPILER_APPICON_NAME = AppIcon;
				ASSETCATALOG_COMPILER_GLOBAL_ACCENT_COLOR_NAME = AccentColor;
				CODE_SIGN_STYLE = Automatic;
				CURRENT_PROJECT_VERSION = 1;
				DEVELOPMENT_TEAM = W7VWJF3MJG;
				GENERATE_INFOPLIST_FILE = YES;
				INFOPLIST_FILE = "EYChallenge5&6ProgrammaticUIKit/Info.plist";
				INFOPLIST_KEY_UIApplicationSupportsIndirectInputEvents = YES;
				INFOPLIST_KEY_UILaunchStoryboardName = LaunchScreen;
				INFOPLIST_KEY_UISupportedInterfaceOrientations_iPad = "UIInterfaceOrientationPortrait UIInterfaceOrientationPortraitUpsideDown UIInterfaceOrientationLandscapeLeft UIInterfaceOrientationLandscapeRight";
				INFOPLIST_KEY_UISupportedInterfaceOrientations_iPhone = "UIInterfaceOrientationPortrait UIInterfaceOrientationLandscapeLeft UIInterfaceOrientationLandscapeRight";
				LD_RUNPATH_SEARCH_PATHS = (
					"$(inherited)",
					"@executable_path/Frameworks",
				);
				MARKETING_VERSION = 1.0;
				PRODUCT_BUNDLE_IDENTIFIER = "Stephens-World.EYChallenge5-6ProgrammaticUIKit";
				PRODUCT_NAME = "$(TARGET_NAME)";
				SWIFT_EMIT_LOC_STRINGS = YES;
				SWIFT_VERSION = 5.0;
				TARGETED_DEVICE_FAMILY = "1,2";
			};
			name = Release;
		};
/* End XCBuildConfiguration section */

/* Begin XCConfigurationList section */
		02BDA1CD287E14A500108694 /* Build configuration list for PBXProject "EYChallenge5&6ProgrammaticUIKit" */ = {
			isa = XCConfigurationList;
			buildConfigurations = (
				02BDA1E4287E14A800108694 /* Debug */,
				02BDA1E5287E14A800108694 /* Release */,
			);
			defaultConfigurationIsVisible = 0;
			defaultConfigurationName = Release;
		};
		02BDA1E6287E14A800108694 /* Build configuration list for PBXNativeTarget "EYChallenge5&6ProgrammaticUIKit" */ = {
			isa = XCConfigurationList;
			buildConfigurations = (
				02BDA1E7287E14A800108694 /* Debug */,
				02BDA1E8287E14A800108694 /* Release */,
			);
			defaultConfigurationIsVisible = 0;
			defaultConfigurationName = Release;
		};
/* End XCConfigurationList section */
	};
	rootObject = 02BDA1CA287E14A500108694 /* Project object */;
}
